// !$*UTF8*$!
{
	archiveVersion = 1;
	classes = {
	};
	objectVersion = 46;
	objects = {

/* Begin PBXBuildFile section */
		16B3BCEA4F25D4CD95FD7A77 /* Pods_GINcose.framework in Frameworks */ = {isa = PBXBuildFile; fileRef = 944A0186383E166D5000C7EF /* Pods_GINcose.framework */; };
		BB7D2F391C9F35A40055FD5A /* AppDelegate.swift in Sources */ = {isa = PBXBuildFile; fileRef = BB7D2F381C9F35A40055FD5A /* AppDelegate.swift */; };
		BB7D2F3B1C9F35A40055FD5A /* Assets.xcassets in Resources */ = {isa = PBXBuildFile; fileRef = BB7D2F3A1C9F35A40055FD5A /* Assets.xcassets */; };
		BB7D2F461C9F37E90055FD5A /* DexcomConstants.swift in Sources */ = {isa = PBXBuildFile; fileRef = BB7D2F451C9F37E90055FD5A /* DexcomConstants.swift */; };
		BB7D2F481C9F41FF0055FD5A /* DexcomNetwork.swift in Sources */ = {isa = PBXBuildFile; fileRef = BB7D2F471C9F41FF0055FD5A /* DexcomNetwork.swift */; };
		BB7D2F4D1C9FE5580055FD5A /* LastGlucoseInfo.swift in Sources */ = {isa = PBXBuildFile; fileRef = BB7D2F4C1C9FE5570055FD5A /* LastGlucoseInfo.swift */; };
		BB87445C1CA7480700981E31 /* PublisherAccountInfo.swift in Sources */ = {isa = PBXBuildFile; fileRef = BB87445B1CA7480700981E31 /* PublisherAccountInfo.swift */; };
		BBB62D8E1CA11BD300F1CA6A /* MainMenu.xib in Resources */ = {isa = PBXBuildFile; fileRef = BBB62D8D1CA11BD300F1CA6A /* MainMenu.xib */; };
		BBC4ECA21CAD777E007180C0 /* EventMonitor.swift in Sources */ = {isa = PBXBuildFile; fileRef = BBC4ECA11CAD777E007180C0 /* EventMonitor.swift */; };
		BBC4ECA51CAD78EE007180C0 /* GlucosePopupViewController.swift in Sources */ = {isa = PBXBuildFile; fileRef = BBC4ECA31CAD78EE007180C0 /* GlucosePopupViewController.swift */; };
		BBC4ECA61CAD78EE007180C0 /* GlucosePopupViewController.xib in Resources */ = {isa = PBXBuildFile; fileRef = BBC4ECA41CAD78EE007180C0 /* GlucosePopupViewController.xib */; };
/* End PBXBuildFile section */

/* Begin PBXFileReference section */
		944A0186383E166D5000C7EF /* Pods_GINcose.framework */ = {isa = PBXFileReference; explicitFileType = wrapper.framework; includeInIndex = 0; path = Pods_GINcose.framework; sourceTree = BUILT_PRODUCTS_DIR; };
		BB7D2F351C9F35A40055FD5A /* GINcose.app */ = {isa = PBXFileReference; explicitFileType = wrapper.application; includeInIndex = 0; path = GINcose.app; sourceTree = BUILT_PRODUCTS_DIR; };
		BB7D2F381C9F35A40055FD5A /* AppDelegate.swift */ = {isa = PBXFileReference; lastKnownFileType = sourcecode.swift; path = AppDelegate.swift; sourceTree = "<group>"; };
		BB7D2F3A1C9F35A40055FD5A /* Assets.xcassets */ = {isa = PBXFileReference; lastKnownFileType = folder.assetcatalog; path = Assets.xcassets; sourceTree = "<group>"; };
		BB7D2F3F1C9F35A40055FD5A /* Info.plist */ = {isa = PBXFileReference; lastKnownFileType = text.plist.xml; path = Info.plist; sourceTree = "<group>"; };
		BB7D2F451C9F37E90055FD5A /* DexcomConstants.swift */ = {isa = PBXFileReference; fileEncoding = 4; lastKnownFileType = sourcecode.swift; path = DexcomConstants.swift; sourceTree = "<group>"; };
		BB7D2F471C9F41FF0055FD5A /* DexcomNetwork.swift */ = {isa = PBXFileReference; fileEncoding = 4; lastKnownFileType = sourcecode.swift; path = DexcomNetwork.swift; sourceTree = "<group>"; };
		BB7D2F4C1C9FE5570055FD5A /* LastGlucoseInfo.swift */ = {isa = PBXFileReference; fileEncoding = 4; lastKnownFileType = sourcecode.swift; path = LastGlucoseInfo.swift; sourceTree = "<group>"; };
		BB87445B1CA7480700981E31 /* PublisherAccountInfo.swift */ = {isa = PBXFileReference; fileEncoding = 4; lastKnownFileType = sourcecode.swift; path = PublisherAccountInfo.swift; sourceTree = "<group>"; };
		BBB62D8D1CA11BD300F1CA6A /* MainMenu.xib */ = {isa = PBXFileReference; fileEncoding = 4; lastKnownFileType = file.xib; path = MainMenu.xib; sourceTree = "<group>"; };
		BBC4ECA11CAD777E007180C0 /* EventMonitor.swift */ = {isa = PBXFileReference; fileEncoding = 4; lastKnownFileType = sourcecode.swift; path = EventMonitor.swift; sourceTree = "<group>"; };
		BBC4ECA31CAD78EE007180C0 /* GlucosePopupViewController.swift */ = {isa = PBXFileReference; fileEncoding = 4; lastKnownFileType = sourcecode.swift; path = GlucosePopupViewController.swift; sourceTree = "<group>"; };
		BBC4ECA41CAD78EE007180C0 /* GlucosePopupViewController.xib */ = {isa = PBXFileReference; fileEncoding = 4; lastKnownFileType = file.xib; path = GlucosePopupViewController.xib; sourceTree = "<group>"; };
		FBC5D3A652171DC0CA98F0AB /* Pods-GINcose.debug.xcconfig */ = {isa = PBXFileReference; includeInIndex = 1; lastKnownFileType = text.xcconfig; name = "Pods-GINcose.debug.xcconfig"; path = "Pods/Target Support Files/Pods-GINcose/Pods-GINcose.debug.xcconfig"; sourceTree = "<group>"; };
		FE862DA4E99D6FC7A485BEC8 /* Pods-GINcose.release.xcconfig */ = {isa = PBXFileReference; includeInIndex = 1; lastKnownFileType = text.xcconfig; name = "Pods-GINcose.release.xcconfig"; path = "Pods/Target Support Files/Pods-GINcose/Pods-GINcose.release.xcconfig"; sourceTree = "<group>"; };
/* End PBXFileReference section */

/* Begin PBXFrameworksBuildPhase section */
		BB7D2F321C9F35A40055FD5A /* Frameworks */ = {
			isa = PBXFrameworksBuildPhase;
			buildActionMask = 2147483647;
			files = (
				16B3BCEA4F25D4CD95FD7A77 /* Pods_GINcose.framework in Frameworks */,
			);
			runOnlyForDeploymentPostprocessing = 0;
		};
/* End PBXFrameworksBuildPhase section */

/* Begin PBXGroup section */
		3A1888B004B59FF6DEC23689 /* Pods */ = {
			isa = PBXGroup;
			children = (
				FBC5D3A652171DC0CA98F0AB /* Pods-GINcose.debug.xcconfig */,
				FE862DA4E99D6FC7A485BEC8 /* Pods-GINcose.release.xcconfig */,
			);
			name = Pods;
			sourceTree = "<group>";
		};
		BB7D2F2C1C9F35A40055FD5A = {
			isa = PBXGroup;
			children = (
				BB7D2F371C9F35A40055FD5A /* GINcose */,
				BB7D2F361C9F35A40055FD5A /* Products */,
				3A1888B004B59FF6DEC23689 /* Pods */,
				E11E0E8F762015A83FEC828A /* Frameworks */,
			);
			sourceTree = "<group>";
		};
		BB7D2F361C9F35A40055FD5A /* Products */ = {
			isa = PBXGroup;
			children = (
				BB7D2F351C9F35A40055FD5A /* GINcose.app */,
			);
			name = Products;
			sourceTree = "<group>";
		};
		BB7D2F371C9F35A40055FD5A /* GINcose */ = {
			isa = PBXGroup;
			children = (
				BB7D2F381C9F35A40055FD5A /* AppDelegate.swift */,
				BB7D2F451C9F37E90055FD5A /* DexcomConstants.swift */,
				BB7D2F471C9F41FF0055FD5A /* DexcomNetwork.swift */,
				BB87445B1CA7480700981E31 /* PublisherAccountInfo.swift */,
				BB7D2F4C1C9FE5570055FD5A /* LastGlucoseInfo.swift */,
				BBC4ECA11CAD777E007180C0 /* EventMonitor.swift */,
				BBB62D8D1CA11BD300F1CA6A /* MainMenu.xib */,
				BBC4ECA31CAD78EE007180C0 /* GlucosePopupViewController.swift */,
				BBC4ECA41CAD78EE007180C0 /* GlucosePopupViewController.xib */,
				BB7D2F3A1C9F35A40055FD5A /* Assets.xcassets */,
				BB7D2F3F1C9F35A40055FD5A /* Info.plist */,
			);
			path = GINcose;
			sourceTree = "<group>";
		};
		E11E0E8F762015A83FEC828A /* Frameworks */ = {
			isa = PBXGroup;
			children = (
				944A0186383E166D5000C7EF /* Pods_GINcose.framework */,
			);
			name = Frameworks;
			sourceTree = "<group>";
		};
/* End PBXGroup section */

/* Begin PBXNativeTarget section */
		BB7D2F341C9F35A40055FD5A /* GINcose */ = {
			isa = PBXNativeTarget;
			buildConfigurationList = BB7D2F421C9F35A40055FD5A /* Build configuration list for PBXNativeTarget "GINcose" */;
			buildPhases = (
				49CC9DC1AB4CF20996C79F05 /* Check Pods Manifest.lock */,
				BB7D2F311C9F35A40055FD5A /* Sources */,
				BB7D2F321C9F35A40055FD5A /* Frameworks */,
				BB7D2F331C9F35A40055FD5A /* Resources */,
				230CE19BC46F27601798BC31 /* Embed Pods Frameworks */,
				8C96E381705F21A2FC32EE1C /* Copy Pods Resources */,
			);
			buildRules = (
			);
			dependencies = (
			);
			name = GINcose;
			productName = GINcose;
			productReference = BB7D2F351C9F35A40055FD5A /* GINcose.app */;
			productType = "com.apple.product-type.application";
		};
/* End PBXNativeTarget section */

/* Begin PBXProject section */
		BB7D2F2D1C9F35A40055FD5A /* Project object */ = {
			isa = PBXProject;
			attributes = {
				LastSwiftUpdateCheck = 0720;
				LastUpgradeCheck = 0720;
				ORGANIZATIONNAME = "Joe Ginley";
				TargetAttributes = {
					BB7D2F341C9F35A40055FD5A = {
						CreatedOnToolsVersion = 7.2.1;
						DevelopmentTeam = HUHLMDNCW3;
					};
				};
			};
			buildConfigurationList = BB7D2F301C9F35A40055FD5A /* Build configuration list for PBXProject "GINcose" */;
			compatibilityVersion = "Xcode 3.2";
			developmentRegion = English;
			hasScannedForEncodings = 0;
			knownRegions = (
				en,
				Base,
			);
			mainGroup = BB7D2F2C1C9F35A40055FD5A;
			productRefGroup = BB7D2F361C9F35A40055FD5A /* Products */;
			projectDirPath = "";
			projectRoot = "";
			targets = (
				BB7D2F341C9F35A40055FD5A /* GINcose */,
			);
		};
/* End PBXProject section */

/* Begin PBXResourcesBuildPhase section */
		BB7D2F331C9F35A40055FD5A /* Resources */ = {
			isa = PBXResourcesBuildPhase;
			buildActionMask = 2147483647;
			files = (
				BBC4ECA61CAD78EE007180C0 /* GlucosePopupViewController.xib in Resources */,
				BB7D2F3B1C9F35A40055FD5A /* Assets.xcassets in Resources */,
				BBB62D8E1CA11BD300F1CA6A /* MainMenu.xib in Resources */,
			);
			runOnlyForDeploymentPostprocessing = 0;
		};
/* End PBXResourcesBuildPhase section */

/* Begin PBXShellScriptBuildPhase section */
		230CE19BC46F27601798BC31 /* Embed Pods Frameworks */ = {
			isa = PBXShellScriptBuildPhase;
			buildActionMask = 2147483647;
			files = (
			);
			inputPaths = (
			);
			name = "Embed Pods Frameworks";
			outputPaths = (
			);
			runOnlyForDeploymentPostprocessing = 0;
			shellPath = /bin/sh;
			shellScript = "\"${SRCROOT}/Pods/Target Support Files/Pods-GINcose/Pods-GINcose-frameworks.sh\"\n";
			showEnvVarsInLog = 0;
		};
		49CC9DC1AB4CF20996C79F05 /* Check Pods Manifest.lock */ = {
			isa = PBXShellScriptBuildPhase;
			buildActionMask = 2147483647;
			files = (
			);
			inputPaths = (
			);
			name = "Check Pods Manifest.lock";
			outputPaths = (
			);
			runOnlyForDeploymentPostprocessing = 0;
			shellPath = /bin/sh;
			shellScript = "diff \"${PODS_ROOT}/../Podfile.lock\" \"${PODS_ROOT}/Manifest.lock\" > /dev/null\nif [[ $? != 0 ]] ; then\n    cat << EOM\nerror: The sandbox is not in sync with the Podfile.lock. Run 'pod install' or update your CocoaPods installation.\nEOM\n    exit 1\nfi\n";
			showEnvVarsInLog = 0;
		};
		8C96E381705F21A2FC32EE1C /* Copy Pods Resources */ = {
			isa = PBXShellScriptBuildPhase;
			buildActionMask = 2147483647;
			files = (
			);
			inputPaths = (
			);
			name = "Copy Pods Resources";
			outputPaths = (
			);
			runOnlyForDeploymentPostprocessing = 0;
			shellPath = /bin/sh;
			shellScript = "\"${SRCROOT}/Pods/Target Support Files/Pods-GINcose/Pods-GINcose-resources.sh\"\n";
			showEnvVarsInLog = 0;
		};
/* End PBXShellScriptBuildPhase section */

/* Begin PBXSourcesBuildPhase section */
		BB7D2F311C9F35A40055FD5A /* Sources */ = {
			isa = PBXSourcesBuildPhase;
			buildActionMask = 2147483647;
			files = (
				BBC4ECA51CAD78EE007180C0 /* GlucosePopupViewController.swift in Sources */,
				BB87445C1CA7480700981E31 /* PublisherAccountInfo.swift in Sources */,
				BB7D2F391C9F35A40055FD5A /* AppDelegate.swift in Sources */,
				BB7D2F481C9F41FF0055FD5A /* DexcomNetwork.swift in Sources */,
				BBC4ECA21CAD777E007180C0 /* EventMonitor.swift in Sources */,
				BB7D2F4D1C9FE5580055FD5A /* LastGlucoseInfo.swift in Sources */,
				BB7D2F461C9F37E90055FD5A /* DexcomConstants.swift in Sources */,
			);
			runOnlyForDeploymentPostprocessing = 0;
		};
/* End PBXSourcesBuildPhase section */

/* Begin XCBuildConfiguration section */
		BB7D2F401C9F35A40055FD5A /* Debug */ = {
			isa = XCBuildConfiguration;
			buildSettings = {
				ALWAYS_SEARCH_USER_PATHS = NO;
				CLANG_CXX_LANGUAGE_STANDARD = "gnu++0x";
				CLANG_CXX_LIBRARY = "libc++";
				CLANG_ENABLE_MODULES = YES;
				CLANG_ENABLE_OBJC_ARC = YES;
				CLANG_WARN_BOOL_CONVERSION = YES;
				CLANG_WARN_CONSTANT_CONVERSION = YES;
				CLANG_WARN_DIRECT_OBJC_ISA_USAGE = YES_ERROR;
				CLANG_WARN_EMPTY_BODY = YES;
				CLANG_WARN_ENUM_CONVERSION = YES;
				CLANG_WARN_INT_CONVERSION = YES;
				CLANG_WARN_OBJC_ROOT_CLASS = YES_ERROR;
				CLANG_WARN_UNREACHABLE_CODE = YES;
				CLANG_WARN__DUPLICATE_METHOD_MATCH = YES;
				CODE_SIGN_IDENTITY = "-";
				COPY_PHASE_STRIP = NO;
				DEBUG_INFORMATION_FORMAT = dwarf;
				ENABLE_STRICT_OBJC_MSGSEND = YES;
				ENABLE_TESTABILITY = YES;
				GCC_C_LANGUAGE_STANDARD = gnu99;
				GCC_DYNAMIC_NO_PIC = NO;
				GCC_NO_COMMON_BLOCKS = YES;
				GCC_OPTIMIZATION_LEVEL = 0;
				GCC_PREPROCESSOR_DEFINITIONS = (
					"DEBUG=1",
					"$(inherited)",
				);
				GCC_WARN_64_TO_32_BIT_CONVERSION = YES;
				GCC_WARN_ABOUT_RETURN_TYPE = YES_ERROR;
				GCC_WARN_UNDECLARED_SELECTOR = YES;
				GCC_WARN_UNINITIALIZED_AUTOS = YES_AGGRESSIVE;
				GCC_WARN_UNUSED_FUNCTION = YES;
				GCC_WARN_UNUSED_VARIABLE = YES;
				MACOSX_DEPLOYMENT_TARGET = 10.9;
				MTL_ENABLE_DEBUG_INFO = YES;
				ONLY_ACTIVE_ARCH = YES;
				SDKROOT = macosx;
				SWIFT_OBJC_BRIDGING_HEADER = "";
				SWIFT_OPTIMIZATION_LEVEL = "-Onone";
			};
			name = Debug;
		};
		BB7D2F411C9F35A40055FD5A /* Release */ = {
			isa = XCBuildConfiguration;
			buildSettings = {
				ALWAYS_SEARCH_USER_PATHS = NO;
				CLANG_CXX_LANGUAGE_STANDARD = "gnu++0x";
				CLANG_CXX_LIBRARY = "libc++";
				CLANG_ENABLE_MODULES = YES;
				CLANG_ENABLE_OBJC_ARC = YES;
				CLANG_WARN_BOOL_CONVERSION = YES;
				CLANG_WARN_CONSTANT_CONVERSION = YES;
				CLANG_WARN_DIRECT_OBJC_ISA_USAGE = YES_ERROR;
				CLANG_WARN_EMPTY_BODY = YES;
				CLANG_WARN_ENUM_CONVERSION = YES;
				CLANG_WARN_INT_CONVERSION = YES;
				CLANG_WARN_OBJC_ROOT_CLASS = YES_ERROR;
				CLANG_WARN_UNREACHABLE_CODE = YES;
				CLANG_WARN__DUPLICATE_METHOD_MATCH = YES;
				CODE_SIGN_IDENTITY = "-";
				COPY_PHASE_STRIP = NO;
				DEBUG_INFORMATION_FORMAT = "dwarf-with-dsym";
				ENABLE_NS_ASSERTIONS = NO;
				ENABLE_STRICT_OBJC_MSGSEND = YES;
				GCC_C_LANGUAGE_STANDARD = gnu99;
				GCC_NO_COMMON_BLOCKS = YES;
				GCC_WARN_64_TO_32_BIT_CONVERSION = YES;
				GCC_WARN_ABOUT_RETURN_TYPE = YES_ERROR;
				GCC_WARN_UNDECLARED_SELECTOR = YES;
				GCC_WARN_UNINITIALIZED_AUTOS = YES_AGGRESSIVE;
				GCC_WARN_UNUSED_FUNCTION = YES;
				GCC_WARN_UNUSED_VARIABLE = YES;
				MACOSX_DEPLOYMENT_TARGET = 10.9;
				MTL_ENABLE_DEBUG_INFO = NO;
				SDKROOT = macosx;
				SWIFT_OBJC_BRIDGING_HEADER = "";
			};
			name = Release;
		};
		BB7D2F431C9F35A40055FD5A /* Debug */ = {
			isa = XCBuildConfiguration;
			baseConfigurationReference = FBC5D3A652171DC0CA98F0AB /* Pods-GINcose.debug.xcconfig */;
			buildSettings = {
				ASSETCATALOG_COMPILER_APPICON_NAME = AppIcon;
				CLANG_ENABLE_MODULES = YES;
				CODE_SIGN_IDENTITY = "Mac Developer";
				COMBINE_HIDPI_IMAGES = YES;
				INFOPLIST_FILE = GINcose/Info.plist;
				LD_RUNPATH_SEARCH_PATHS = "$(inherited) @executable_path/../Frameworks";
				MACOSX_DEPLOYMENT_TARGET = 10.9;
				PRODUCT_BUNDLE_IDENTIFIER = com.GINtechSystems.GINcose;
				PRODUCT_NAME = "$(TARGET_NAME)";
				SWIFT_OBJC_BRIDGING_HEADER = "";
				SWIFT_OPTIMIZATION_LEVEL = "-Onone";
			};
			name = Debug;
		};
		BB7D2F441C9F35A40055FD5A /* Release */ = {
			isa = XCBuildConfiguration;
			baseConfigurationReference = FE862DA4E99D6FC7A485BEC8 /* Pods-GINcose.release.xcconfig */;
			buildSettings = {
				ASSETCATALOG_COMPILER_APPICON_NAME = AppIcon;
				CLANG_ENABLE_MODULES = YES;
				CODE_SIGN_IDENTITY = "Mac Developer";
				COMBINE_HIDPI_IMAGES = YES;
				INFOPLIST_FILE = GINcose/Info.plist;
				LD_RUNPATH_SEARCH_PATHS = "$(inherited) @executable_path/../Frameworks";
				MACOSX_DEPLOYMENT_TARGET = 10.9;
				PRODUCT_BUNDLE_IDENTIFIER = com.GINtechSystems.GINcose;
				PRODUCT_NAME = "$(TARGET_NAME)";
				SWIFT_OBJC_BRIDGING_HEADER = "";
			};
			name = Release;
		};
/* End XCBuildConfiguration section */

/* Begin XCConfigurationList section */
		BB7D2F301C9F35A40055FD5A /* Build configuration list for PBXProject "GINcose" */ = {
			isa = XCConfigurationList;
			buildConfigurations = (
				BB7D2F401C9F35A40055FD5A /* Debug */,
				BB7D2F411C9F35A40055FD5A /* Release */,
			);
			defaultConfigurationIsVisible = 0;
			defaultConfigurationName = Release;
		};
		BB7D2F421C9F35A40055FD5A /* Build configuration list for PBXNativeTarget "GINcose" */ = {
			isa = XCConfigurationList;
			buildConfigurations = (
				BB7D2F431C9F35A40055FD5A /* Debug */,
				BB7D2F441C9F35A40055FD5A /* Release */,
			);
			defaultConfigurationIsVisible = 0;
			defaultConfigurationName = Release;
		};
/* End XCConfigurationList section */
	};
	rootObject = BB7D2F2D1C9F35A40055FD5A /* Project object */;
}
